// !$*UTF8*$!
{
	archiveVersion = 1;
	classes = {
	};
	objectVersion = 50;
	objects = {

/* Begin PBXBuildFile section */
		18855A4821E685D2001BF371 /* AppDelegate.swift in Sources */ = {isa = PBXBuildFile; fileRef = 18855A4721E685D2001BF371 /* AppDelegate.swift */; };
		18855A4A21E685D2001BF371 /* ViewController.swift in Sources */ = {isa = PBXBuildFile; fileRef = 18855A4921E685D2001BF371 /* ViewController.swift */; };
		18855A4D21E685D2001BF371 /* Main.storyboard in Resources */ = {isa = PBXBuildFile; fileRef = 18855A4B21E685D2001BF371 /* Main.storyboard */; };
		18855A4F21E685D4001BF371 /* Assets.xcassets in Resources */ = {isa = PBXBuildFile; fileRef = 18855A4E21E685D4001BF371 /* Assets.xcassets */; };
		18855A5221E685D4001BF371 /* LaunchScreen.storyboard in Resources */ = {isa = PBXBuildFile; fileRef = 18855A5021E685D4001BF371 /* LaunchScreen.storyboard */; };
		18855A5A21E6860B001BF371 /* NodeClass.swift in Sources */ = {isa = PBXBuildFile; fileRef = 18855A5921E6860B001BF371 /* NodeClass.swift */; };
		18855A5E21E7C188001BF371 /* MyHeap.swift in Sources */ = {isa = PBXBuildFile; fileRef = 18855A5D21E7C188001BF371 /* MyHeap.swift */; };
		18855A6021E7C393001BF371 /* HeapView.swift in Sources */ = {isa = PBXBuildFile; fileRef = 18855A5F21E7C393001BF371 /* HeapView.swift */; };
		18855A6821EC0501001BF371 /* UIView.swift in Sources */ = {isa = PBXBuildFile; fileRef = 18855A6721EC0501001BF371 /* UIView.swift */; };
		18855A6A21EC0E44001BF371 /* FinishedUpdateTheHeapViewDelegate.swift in Sources */ = {isa = PBXBuildFile; fileRef = 18855A6921EC0E44001BF371 /* FinishedUpdateTheHeapViewDelegate.swift */; };
		18855A6C21EC5F7A001BF371 /* UpdateHeapViewDelegate.swift in Sources */ = {isa = PBXBuildFile; fileRef = 18855A6B21EC5F7A001BF371 /* UpdateHeapViewDelegate.swift */; };
/* End PBXBuildFile section */

/* Begin PBXFileReference section */
		18855A4421E685D2001BF371 /* AutoReleasePool.app */ = {isa = PBXFileReference; explicitFileType = wrapper.application; includeInIndex = 0; path = AutoReleasePool.app; sourceTree = BUILT_PRODUCTS_DIR; };
		18855A4721E685D2001BF371 /* AppDelegate.swift */ = {isa = PBXFileReference; lastKnownFileType = sourcecode.swift; path = AppDelegate.swift; sourceTree = "<group>"; };
		18855A4921E685D2001BF371 /* ViewController.swift */ = {isa = PBXFileReference; lastKnownFileType = sourcecode.swift; path = ViewController.swift; sourceTree = "<group>"; };
		18855A4C21E685D2001BF371 /* Base */ = {isa = PBXFileReference; lastKnownFileType = file.storyboard; name = Base; path = Base.lproj/Main.storyboard; sourceTree = "<group>"; };
		18855A4E21E685D4001BF371 /* Assets.xcassets */ = {isa = PBXFileReference; lastKnownFileType = folder.assetcatalog; path = Assets.xcassets; sourceTree = "<group>"; };
		18855A5121E685D4001BF371 /* Base */ = {isa = PBXFileReference; lastKnownFileType = file.storyboard; name = Base; path = Base.lproj/LaunchScreen.storyboard; sourceTree = "<group>"; };
		18855A5321E685D4001BF371 /* Info.plist */ = {isa = PBXFileReference; lastKnownFileType = text.plist.xml; path = Info.plist; sourceTree = "<group>"; };
		18855A5921E6860B001BF371 /* NodeClass.swift */ = {isa = PBXFileReference; lastKnownFileType = sourcecode.swift; path = NodeClass.swift; sourceTree = "<group>"; };
		18855A5D21E7C188001BF371 /* MyHeap.swift */ = {isa = PBXFileReference; lastKnownFileType = sourcecode.swift; path = MyHeap.swift; sourceTree = "<group>"; };
		18855A5F21E7C393001BF371 /* HeapView.swift */ = {isa = PBXFileReference; lastKnownFileType = sourcecode.swift; path = HeapView.swift; sourceTree = "<group>"; };
		18855A6721EC0501001BF371 /* UIView.swift */ = {isa = PBXFileReference; fileEncoding = 4; lastKnownFileType = sourcecode.swift; path = UIView.swift; sourceTree = "<group>"; };
		18855A6921EC0E44001BF371 /* FinishedUpdateTheHeapViewDelegate.swift */ = {isa = PBXFileReference; fileEncoding = 4; lastKnownFileType = sourcecode.swift; name = FinishedUpdateTheHeapViewDelegate.swift; path = ../../FinishedUpdateTheHeapViewDelegate.swift; sourceTree = "<group>"; };
		18855A6B21EC5F7A001BF371 /* UpdateHeapViewDelegate.swift */ = {isa = PBXFileReference; lastKnownFileType = sourcecode.swift; path = UpdateHeapViewDelegate.swift; sourceTree = "<group>"; };
/* End PBXFileReference section */

/* Begin PBXFrameworksBuildPhase section */
		18855A4121E685D2001BF371 /* Frameworks */ = {
			isa = PBXFrameworksBuildPhase;
			buildActionMask = 2147483647;
			files = (
			);
			runOnlyForDeploymentPostprocessing = 0;
		};
/* End PBXFrameworksBuildPhase section */

/* Begin PBXGroup section */
		18855A3B21E685D2001BF371 = {
			isa = PBXGroup;
			children = (
				18855A4621E685D2001BF371 /* AutoReleasePool */,
				18855A4521E685D2001BF371 /* Products */,
			);
			sourceTree = "<group>";
		};
		18855A4521E685D2001BF371 /* Products */ = {
			isa = PBXGroup;
			children = (
				18855A4421E685D2001BF371 /* AutoReleasePool.app */,
			);
			name = Products;
			sourceTree = "<group>";
		};
		18855A4621E685D2001BF371 /* AutoReleasePool */ = {
			isa = PBXGroup;
			children = (
				18855A4721E685D2001BF371 /* AppDelegate.swift */,
				18855A4921E685D2001BF371 /* ViewController.swift */,
				18855A4B21E685D2001BF371 /* Main.storyboard */,
				18855A4E21E685D4001BF371 /* Assets.xcassets */,
				18855A5021E685D4001BF371 /* LaunchScreen.storyboard */,
				18855A5321E685D4001BF371 /* Info.plist */,
				18855A5921E6860B001BF371 /* NodeClass.swift */,
				18855A6721EC0501001BF371 /* UIView.swift */,
				18855A5D21E7C188001BF371 /* MyHeap.swift */,
				18855A5F21E7C393001BF371 /* HeapView.swift */,
				18855A6B21EC5F7A001BF371 /* UpdateHeapViewDelegate.swift */,
				18855A6921EC0E44001BF371 /* FinishedUpdateTheHeapViewDelegate.swift */,
			);
			path = AutoReleasePool;
			sourceTree = "<group>";
		};
/* End PBXGroup section */

/* Begin PBXNativeTarget section */
		18855A4321E685D2001BF371 /* AutoReleasePool */ = {
			isa = PBXNativeTarget;
			buildConfigurationList = 18855A5621E685D4001BF371 /* Build configuration list for PBXNativeTarget "AutoReleasePool" */;
			buildPhases = (
				18855A4021E685D2001BF371 /* Sources */,
				18855A4121E685D2001BF371 /* Frameworks */,
				18855A4221E685D2001BF371 /* Resources */,
			);
			buildRules = (
			);
			dependencies = (
			);
			name = AutoReleasePool;
			productName = AutoReleasePool;
			productReference = 18855A4421E685D2001BF371 /* AutoReleasePool.app */;
			productType = "com.apple.product-type.application";
		};
/* End PBXNativeTarget section */

/* Begin PBXProject section */
		18855A3C21E685D2001BF371 /* Project object */ = {
			isa = PBXProject;
			attributes = {
				LastSwiftUpdateCheck = 1010;
				LastUpgradeCheck = 1010;
				ORGANIZATIONNAME = Apple;
				TargetAttributes = {
					18855A4321E685D2001BF371 = {
						CreatedOnToolsVersion = 10.1;
					};
				};
			};
			buildConfigurationList = 18855A3F21E685D2001BF371 /* Build configuration list for PBXProject "AutoReleasePool" */;
			compatibilityVersion = "Xcode 9.3";
			developmentRegion = en;
			hasScannedForEncodings = 0;
			knownRegions = (
				en,
				Base,
			);
			mainGroup = 18855A3B21E685D2001BF371;
			productRefGroup = 18855A4521E685D2001BF371 /* Products */;
			projectDirPath = "";
			projectRoot = "";
			targets = (
				18855A4321E685D2001BF371 /* AutoReleasePool */,
			);
		};
/* End PBXProject section */

/* Begin PBXResourcesBuildPhase section */
		18855A4221E685D2001BF371 /* Resources */ = {
			isa = PBXResourcesBuildPhase;
			buildActionMask = 2147483647;
			files = (
				18855A5221E685D4001BF371 /* LaunchScreen.storyboard in Resources */,
				18855A4F21E685D4001BF371 /* Assets.xcassets in Resources */,
				18855A4D21E685D2001BF371 /* Main.storyboard in Resources */,
			);
			runOnlyForDeploymentPostprocessing = 0;
		};
/* End PBXResourcesBuildPhase section */

/* Begin PBXSourcesBuildPhase section */
		18855A4021E685D2001BF371 /* Sources */ = {
			isa = PBXSourcesBuildPhase;
			buildActionMask = 2147483647;
			files = (
				18855A6821EC0501001BF371 /* UIView.swift in Sources */,
				18855A5A21E6860B001BF371 /* NodeClass.swift in Sources */,
				18855A5E21E7C188001BF371 /* MyHeap.swift in Sources */,
				18855A4A21E685D2001BF371 /* ViewController.swift in Sources */,
				18855A6021E7C393001BF371 /* HeapView.swift in Sources */,
				18855A6A21EC0E44001BF371 /* FinishedUpdateTheHeapViewDelegate.swift in Sources */,
				18855A6C21EC5F7A001BF371 /* UpdateHeapViewDelegate.swift in Sources */,
				18855A4821E685D2001BF371 /* AppDelegate.swift in Sources */,
			);
			runOnlyForDeploymentPostprocessing = 0;
		};
/* End PBXSourcesBuildPhase section */

/* Begin PBXVariantGroup section */
		18855A4B21E685D2001BF371 /* Main.storyboard */ = {
			isa = PBXVariantGroup;
			children = (
				18855A4C21E685D2001BF371 /* Base */,
			);
			name = Main.storyboard;
			sourceTree = "<group>";
		};
		18855A5021E685D4001BF371 /* LaunchScreen.storyboard */ = {
			isa = PBXVariantGroup;
			children = (
				18855A5121E685D4001BF371 /* Base */,
			);
			name = LaunchScreen.storyboard;
			sourceTree = "<group>";
		};
/* End PBXVariantGroup section */

/* Begin XCBuildConfiguration section */
		18855A5421E685D4001BF371 /* Debug */ = {
			isa = XCBuildConfiguration;
			buildSettings = {
				ALWAYS_SEARCH_USER_PATHS = NO;
				CLANG_ANALYZER_NONNULL = YES;
				CLANG_ANALYZER_NUMBER_OBJECT_CONVERSION = YES_AGGRESSIVE;
				CLANG_CXX_LANGUAGE_STANDARD = "gnu++14";
				CLANG_CXX_LIBRARY = "libc++";
				CLANG_ENABLE_MODULES = YES;
				CLANG_ENABLE_OBJC_ARC = YES;
				CLANG_ENABLE_OBJC_WEAK = YES;
				CLANG_WARN_BLOCK_CAPTURE_AUTORELEASING = YES;
				CLANG_WARN_BOOL_CONVERSION = YES;
				CLANG_WARN_COMMA = YES;
				CLANG_WARN_CONSTANT_CONVERSION = YES;
				CLANG_WARN_DEPRECATED_OBJC_IMPLEMENTATIONS = YES;
				CLANG_WARN_DIRECT_OBJC_ISA_USAGE = YES_ERROR;
				CLANG_WARN_DOCUMENTATION_COMMENTS = YES;
				CLANG_WARN_EMPTY_BODY = YES;
				CLANG_WARN_ENUM_CONVERSION = YES;
				CLANG_WARN_INFINITE_RECURSION = YES;
				CLANG_WARN_INT_CONVERSION = YES;
				CLANG_WARN_NON_LITERAL_NULL_CONVERSION = YES;
				CLANG_WARN_OBJC_IMPLICIT_RETAIN_SELF = YES;
				CLANG_WARN_OBJC_LITERAL_CONVERSION = YES;
				CLANG_WARN_OBJC_ROOT_CLASS = YES_ERROR;
				CLANG_WARN_RANGE_LOOP_ANALYSIS = YES;
				CLANG_WARN_STRICT_PROTOTYPES = YES;
				CLANG_WARN_SUSPICIOUS_MOVE = YES;
				CLANG_WARN_UNGUARDED_AVAILABILITY = YES_AGGRESSIVE;
				CLANG_WARN_UNREACHABLE_CODE = YES;
				CLANG_WARN__DUPLICATE_METHOD_MATCH = YES;
				CODE_SIGN_IDENTITY = "iPhone Developer";
				COPY_PHASE_STRIP = NO;
				DEBUG_INFORMATION_FORMAT = dwarf;
				ENABLE_STRICT_OBJC_MSGSEND = YES;
				ENABLE_TESTABILITY = YES;
				GCC_C_LANGUAGE_STANDARD = gnu11;
				GCC_DYNAMIC_NO_PIC = NO;
				GCC_NO_COMMON_BLOCKS = YES;
				GCC_OPTIMIZATION_LEVEL = 0;
				GCC_PREPROCESSOR_DEFINITIONS = (
					"DEBUG=1",
					"$(inherited)",
				);
				GCC_WARN_64_TO_32_BIT_CONVERSION = YES;
				GCC_WARN_ABOUT_RETURN_TYPE = YES_ERROR;
				GCC_WARN_UNDECLARED_SELECTOR = YES;
				GCC_WARN_UNINITIALIZED_AUTOS = YES_AGGRESSIVE;
				GCC_WARN_UNUSED_FUNCTION = YES;
				GCC_WARN_UNUSED_VARIABLE = YES;
				IPHONEOS_DEPLOYMENT_TARGET = 12.1;
				MTL_ENABLE_DEBUG_INFO = INCLUDE_SOURCE;
				MTL_FAST_MATH = YES;
				ONLY_ACTIVE_ARCH = YES;
				SDKROOT = iphoneos;
				SWIFT_ACTIVE_COMPILATION_CONDITIONS = DEBUG;
				SWIFT_OPTIMIZATION_LEVEL = "-Onone";
			};
			name = Debug;
		};
		18855A5521E685D4001BF371 /* Release */ = {
			isa = XCBuildConfiguration;
			buildSettings = {
				ALWAYS_SEARCH_USER_PATHS = NO;
				CLANG_ANALYZER_NONNULL = YES;
				CLANG_ANALYZER_NUMBER_OBJECT_CONVERSION = YES_AGGRESSIVE;
				CLANG_CXX_LANGUAGE_STANDARD = "gnu++14";
				CLANG_CXX_LIBRARY = "libc++";
				CLANG_ENABLE_MODULES = YES;
				CLANG_ENABLE_OBJC_ARC = YES;
				CLANG_ENABLE_OBJC_WEAK = YES;
				CLANG_WARN_BLOCK_CAPTURE_AUTORELEASING = YES;
				CLANG_WARN_BOOL_CONVERSION = YES;
				CLANG_WARN_COMMA = YES;
				CLANG_WARN_CONSTANT_CONVERSION = YES;
				CLANG_WARN_DEPRECATED_OBJC_IMPLEMENTATIONS = YES;
				CLANG_WARN_DIRECT_OBJC_ISA_USAGE = YES_ERROR;
				CLANG_WARN_DOCUMENTATION_COMMENTS = YES;
				CLANG_WARN_EMPTY_BODY = YES;
				CLANG_WARN_ENUM_CONVERSION = YES;
				CLANG_WARN_INFINITE_RECURSION = YES;
				CLANG_WARN_INT_CONVERSION = YES;
				CLANG_WARN_NON_LITERAL_NULL_CONVERSION = YES;
				CLANG_WARN_OBJC_IMPLICIT_RETAIN_SELF = YES;
				CLANG_WARN_OBJC_LITERAL_CONVERSION = YES;
				CLANG_WARN_OBJC_ROOT_CLASS = YES_ERROR;
				CLANG_WARN_RANGE_LOOP_ANALYSIS = YES;
				CLANG_WARN_STRICT_PROTOTYPES = YES;
				CLANG_WARN_SUSPICIOUS_MOVE = YES;
				CLANG_WARN_UNGUARDED_AVAILABILITY = YES_AGGRESSIVE;
				CLANG_WARN_UNREACHABLE_CODE = YES;
				CLANG_WARN__DUPLICATE_METHOD_MATCH = YES;
				CODE_SIGN_IDENTITY = "iPhone Developer";
				COPY_PHASE_STRIP = NO;
				DEBUG_INFORMATION_FORMAT = "dwarf-with-dsym";
				ENABLE_NS_ASSERTIONS = NO;
				ENABLE_STRICT_OBJC_MSGSEND = YES;
				GCC_C_LANGUAGE_STANDARD = gnu11;
				GCC_NO_COMMON_BLOCKS = YES;
				GCC_WARN_64_TO_32_BIT_CONVERSION = YES;
				GCC_WARN_ABOUT_RETURN_TYPE = YES_ERROR;
				GCC_WARN_UNDECLARED_SELECTOR = YES;
				GCC_WARN_UNINITIALIZED_AUTOS = YES_AGGRESSIVE;
				GCC_WARN_UNUSED_FUNCTION = YES;
				GCC_WARN_UNUSED_VARIABLE = YES;
				IPHONEOS_DEPLOYMENT_TARGET = 12.1;
				MTL_ENABLE_DEBUG_INFO = NO;
				MTL_FAST_MATH = YES;
				SDKROOT = iphoneos;
				SWIFT_COMPILATION_MODE = wholemodule;
				SWIFT_OPTIMIZATION_LEVEL = "-O";
				VALIDATE_PRODUCT = YES;
			};
			name = Release;
		};
		18855A5721E685D4001BF371 /* Debug */ = {
			isa = XCBuildConfiguration;
			buildSettings = {
				ASSETCATALOG_COMPILER_APPICON_NAME = AppIcon;
				CODE_SIGN_STYLE = Automatic;
				DEVELOPMENT_TEAM = 3VJUDAWR26;
				INFOPLIST_FILE = AutoReleasePool/Info.plist;
				LD_RUNPATH_SEARCH_PATHS = (
					"$(inherited)",
					"@executable_path/Frameworks",
				);
				PRODUCT_BUNDLE_IDENTIFIER = com.WMWiOS.AutoReleasePool;
				PRODUCT_NAME = "$(TARGET_NAME)";
				SWIFT_VERSION = 4.2;
				TARGETED_DEVICE_FAMILY = "1,2";
			};
			name = Debug;
		};
		18855A5821E685D4001BF371 /* Release */ = {
			isa = XCBuildConfiguration;
			buildSettings = {
				ASSETCATALOG_COMPILER_APPICON_NAME = AppIcon;
				CODE_SIGN_STYLE = Automatic;
				DEVELOPMENT_TEAM = 3VJUDAWR26;
				INFOPLIST_FILE = AutoReleasePool/Info.plist;
				LD_RUNPATH_SEARCH_PATHS = (
					"$(inherited)",
					"@executable_path/Frameworks",
				);
				PRODUCT_BUNDLE_IDENTIFIER = com.WMWiOS.AutoReleasePool;
				PRODUCT_NAME = "$(TARGET_NAME)";
				SWIFT_VERSION = 4.2;
				TARGETED_DEVICE_FAMILY = "1,2";
			};
			name = Release;
		};
/* End XCBuildConfiguration section */

/* Begin XCConfigurationList section */
		18855A3F21E685D2001BF371 /* Build configuration list for PBXProject "AutoReleasePool" */ = {
			isa = XCConfigurationList;
			buildConfigurations = (
				18855A5421E685D4001BF371 /* Debug */,
				18855A5521E685D4001BF371 /* Release */,
			);
			defaultConfigurationIsVisible = 0;
			defaultConfigurationName = Release;
		};
		18855A5621E685D4001BF371 /* Build configuration list for PBXNativeTarget "AutoReleasePool" */ = {
			isa = XCConfigurationList;
			buildConfigurations = (
				18855A5721E685D4001BF371 /* Debug */,
				18855A5821E685D4001BF371 /* Release */,
			);
			defaultConfigurationIsVisible = 0;
			defaultConfigurationName = Release;
		};
/* End XCConfigurationList section */
	};
	rootObject = 18855A3C21E685D2001BF371 /* Project object */;
}
